
Microsoft Visual Studio Solution File, Format Version 12.00
# Visual Studio Version 17
VisualStudioVersion = 17.0.32014.148
MinimumVisualStudioVersion = 10.0.40219.1
Project("{9A19103F-16F7-4668-BE54-9A1E7A4F7556}") = "WebApi", "WebApi\WebApi.csproj", "{34B80A61-D2BE-4FC5-85BC-325FE8AEFD80}"
EndProject
Global
	GlobalSection(SolutionConfigurationPlatforms) = preSolution
		Debug|Any CPU = Debug|Any CPU
		Release|Any CPU = Release|Any CPU
	EndGlobalSection
	GlobalSection(ProjectConfigurationPlatforms) = postSolution
		{34B80A61-D2BE-4FC5-85BC-325FE8AEFD80}.Debug|Any CPU.ActiveCfg = Debug|Any CPU
		{34B80A61-D2BE-4FC5-85BC-325FE8AEFD80}.Debug|Any CPU.Build.0 = Debug|Any CPU
		{34B80A61-D2BE-4FC5-85BC-325FE8AEFD80}.Release|Any CPU.ActiveCfg = Release|Any CPU
		{34B80A61-D2BE-4FC5-85BC-325FE8AEFD80}.Release|Any CPU.Build.0 = Release|Any CPU
	EndGlobalSection
	GlobalSection(SolutionProperties) = preSolution
		HideSolutionNode = FALSE
	EndGlobalSection
	GlobalSection(ExtensibilityGlobals) = postSolution
		SolutionGuid = {2F685FC5-468E-4045-AF62-4E412A0CA6B1}
	EndGlobalSection
EndGlobal
